PODS:
  - Alamofire (4.4.0)
  - TTSegmentedControl (0.2.1)

DEPENDENCIES:
  - Alamofire (~> 4.4)
  - TTSegmentedControl (~> 0.2.1)

SPEC CHECKSUMS:
  Alamofire: dc44b1600b800eb63da6a19039a0083d62a6a62d
  TTSegmentedControl: 6ba1c0ef7bf966c794361772003f8b27cc812e0a

PODFILE CHECKSUM: 02151987d434598a61cbb03fe54584fc1915fb87

COCOAPODS: 1.2.1
